
Microsoft Visual Studio Solution File, Format Version 12.00
# Visual Studio Version 17
VisualStudioVersion = 17.8.34511.84
MinimumVisualStudioVersion = 10.0.40219.1
Project("{FAE04EC0-301F-11D3-BF4B-00C04F79EFBC}") = "Kart", "Kart\Kart.csproj", "{006FB245-6264-4B7C-8B6F-024A42FDE010}"
EndProject
Global
	GlobalSection(SolutionConfigurationPlatforms) = preSolution
		Debug|Any CPU = Debug|Any CPU
		Release|Any CPU = Release|Any CPU
	EndGlobalSection
	GlobalSection(ProjectConfigurationPlatforms) = postSolution
		{006FB245-6264-4B7C-8B6F-024A42FDE010}.Debug|Any CPU.ActiveCfg = Debug|Any CPU
		{006FB245-6264-4B7C-8B6F-024A42FDE010}.Debug|Any CPU.Build.0 = Debug|Any CPU
		{006FB245-6264-4B7C-8B6F-024A42FDE010}.Release|Any CPU.ActiveCfg = Release|Any CPU
		{006FB245-6264-4B7C-8B6F-024A42FDE010}.Release|Any CPU.Build.0 = Release|Any CPU
	EndGlobalSection
	GlobalSection(SolutionProperties) = preSolution
		HideSolutionNode = FALSE
	EndGlobalSection
	GlobalSection(ExtensibilityGlobals) = postSolution
		SolutionGuid = {B74E90A3-A85C-4245-B169-50DAFDFF0707}
	EndGlobalSection
EndGlobal
